// !$*UTF8*$!
{
	archiveVersion = 1;
	classes = {
	};
	objectVersion = 50;
	objects = {

/* Begin PBXBuildFile section */
		F9561C69250BC45800733724 /* AppDelegate.swift in Sources */ = {isa = PBXBuildFile; fileRef = F9561C68250BC45800733724 /* AppDelegate.swift */; };
		F9561C6B250BC45800733724 /* SceneDelegate.swift in Sources */ = {isa = PBXBuildFile; fileRef = F9561C6A250BC45800733724 /* SceneDelegate.swift */; };
		F9561C6D250BC45800733724 /* ViewController.swift in Sources */ = {isa = PBXBuildFile; fileRef = F9561C6C250BC45800733724 /* ViewController.swift */; };
		F9561C70250BC45800733724 /* Main.storyboard in Resources */ = {isa = PBXBuildFile; fileRef = F9561C6E250BC45800733724 /* Main.storyboard */; };
		F9561C72250BC45900733724 /* Assets.xcassets in Resources */ = {isa = PBXBuildFile; fileRef = F9561C71250BC45900733724 /* Assets.xcassets */; };
		F9561C75250BC45900733724 /* LaunchScreen.storyboard in Resources */ = {isa = PBXBuildFile; fileRef = F9561C73250BC45900733724 /* LaunchScreen.storyboard */; };
		F9561C7D250BC67800733724 /* AppTheme.swift in Sources */ = {isa = PBXBuildFile; fileRef = F9561C7C250BC67700733724 /* AppTheme.swift */; };
		F9561C81250BC7AC00733724 /* StacksVC.swift in Sources */ = {isa = PBXBuildFile; fileRef = F9561C80250BC7AC00733724 /* StacksVC.swift */; };
		F9561C84250BC87D00733724 /* ItemInfoVC.swift in Sources */ = {isa = PBXBuildFile; fileRef = F9561C83250BC87D00733724 /* ItemInfoVC.swift */; };
		F9561C86250BCE5600733724 /* CustomViews.swift in Sources */ = {isa = PBXBuildFile; fileRef = F9561C85250BCE5600733724 /* CustomViews.swift */; };
		F9561C8A250BD1E700733724 /* BlogCell.swift in Sources */ = {isa = PBXBuildFile; fileRef = F9561C88250BD1E700733724 /* BlogCell.swift */; };
		F9561C8B250BD1E700733724 /* BlogCell.xib in Resources */ = {isa = PBXBuildFile; fileRef = F9561C89250BD1E700733724 /* BlogCell.xib */; };
		F9570290250C7D82008CE32D /* WebServices.swift in Sources */ = {isa = PBXBuildFile; fileRef = F957028F250C7D82008CE32D /* WebServices.swift */; };
		F9570292250C7DCC008CE32D /* NetworkManager.swift in Sources */ = {isa = PBXBuildFile; fileRef = F9570291250C7DCC008CE32D /* NetworkManager.swift */; };
		F9570295250C8006008CE32D /* BlogModel.swift in Sources */ = {isa = PBXBuildFile; fileRef = F9570294250C8006008CE32D /* BlogModel.swift */; };
		F9570298250C82FA008CE32D /* Reachability.swift in Sources */ = {isa = PBXBuildFile; fileRef = F9570297250C82FA008CE32D /* Reachability.swift */; };
		F957029A250C8C13008CE32D /* MyBanner.swift in Sources */ = {isa = PBXBuildFile; fileRef = F9570299250C8C13008CE32D /* MyBanner.swift */; };
/* End PBXBuildFile section */

/* Begin PBXFileReference section */
		F9561C65250BC45800733724 /* Simplifyvms.app */ = {isa = PBXFileReference; explicitFileType = wrapper.application; includeInIndex = 0; path = Simplifyvms.app; sourceTree = BUILT_PRODUCTS_DIR; };
		F9561C68250BC45800733724 /* AppDelegate.swift */ = {isa = PBXFileReference; lastKnownFileType = sourcecode.swift; path = AppDelegate.swift; sourceTree = "<group>"; };
		F9561C6A250BC45800733724 /* SceneDelegate.swift */ = {isa = PBXFileReference; lastKnownFileType = sourcecode.swift; path = SceneDelegate.swift; sourceTree = "<group>"; };
		F9561C6C250BC45800733724 /* ViewController.swift */ = {isa = PBXFileReference; lastKnownFileType = sourcecode.swift; path = ViewController.swift; sourceTree = "<group>"; };
		F9561C6F250BC45800733724 /* Base */ = {isa = PBXFileReference; lastKnownFileType = file.storyboard; name = Base; path = Base.lproj/Main.storyboard; sourceTree = "<group>"; };
		F9561C71250BC45900733724 /* Assets.xcassets */ = {isa = PBXFileReference; lastKnownFileType = folder.assetcatalog; path = Assets.xcassets; sourceTree = "<group>"; };
		F9561C74250BC45900733724 /* Base */ = {isa = PBXFileReference; lastKnownFileType = file.storyboard; name = Base; path = Base.lproj/LaunchScreen.storyboard; sourceTree = "<group>"; };
		F9561C76250BC45900733724 /* Info.plist */ = {isa = PBXFileReference; lastKnownFileType = text.plist.xml; path = Info.plist; sourceTree = "<group>"; };
		F9561C7C250BC67700733724 /* AppTheme.swift */ = {isa = PBXFileReference; fileEncoding = 4; lastKnownFileType = sourcecode.swift; path = AppTheme.swift; sourceTree = "<group>"; };
		F9561C80250BC7AC00733724 /* StacksVC.swift */ = {isa = PBXFileReference; lastKnownFileType = sourcecode.swift; path = StacksVC.swift; sourceTree = "<group>"; };
		F9561C83250BC87D00733724 /* ItemInfoVC.swift */ = {isa = PBXFileReference; lastKnownFileType = sourcecode.swift; path = ItemInfoVC.swift; sourceTree = "<group>"; };
		F9561C85250BCE5600733724 /* CustomViews.swift */ = {isa = PBXFileReference; fileEncoding = 4; lastKnownFileType = sourcecode.swift; path = CustomViews.swift; sourceTree = "<group>"; };
		F9561C88250BD1E700733724 /* BlogCell.swift */ = {isa = PBXFileReference; fileEncoding = 4; lastKnownFileType = sourcecode.swift; path = BlogCell.swift; sourceTree = "<group>"; };
		F9561C89250BD1E700733724 /* BlogCell.xib */ = {isa = PBXFileReference; fileEncoding = 4; lastKnownFileType = file.xib; path = BlogCell.xib; sourceTree = "<group>"; };
		F957028F250C7D82008CE32D /* WebServices.swift */ = {isa = PBXFileReference; fileEncoding = 4; lastKnownFileType = sourcecode.swift; path = WebServices.swift; sourceTree = "<group>"; };
		F9570291250C7DCC008CE32D /* NetworkManager.swift */ = {isa = PBXFileReference; fileEncoding = 4; lastKnownFileType = sourcecode.swift; path = NetworkManager.swift; sourceTree = "<group>"; };
		F9570294250C8006008CE32D /* BlogModel.swift */ = {isa = PBXFileReference; lastKnownFileType = sourcecode.swift; path = BlogModel.swift; sourceTree = "<group>"; };
		F9570297250C82FA008CE32D /* Reachability.swift */ = {isa = PBXFileReference; fileEncoding = 4; lastKnownFileType = sourcecode.swift; path = Reachability.swift; sourceTree = "<group>"; };
		F9570299250C8C13008CE32D /* MyBanner.swift */ = {isa = PBXFileReference; fileEncoding = 4; lastKnownFileType = sourcecode.swift; path = MyBanner.swift; sourceTree = "<group>"; };
/* End PBXFileReference section */

/* Begin PBXFrameworksBuildPhase section */
		F9561C62250BC45800733724 /* Frameworks */ = {
			isa = PBXFrameworksBuildPhase;
			buildActionMask = 2147483647;
			files = (
			);
			runOnlyForDeploymentPostprocessing = 0;
		};
/* End PBXFrameworksBuildPhase section */

/* Begin PBXGroup section */
		F9561C5C250BC45800733724 = {
			isa = PBXGroup;
			children = (
				F9561C67250BC45800733724 /* Simplifyvms */,
				F9561C66250BC45800733724 /* Products */,
			);
			sourceTree = "<group>";
		};
		F9561C66250BC45800733724 /* Products */ = {
			isa = PBXGroup;
			children = (
				F9561C65250BC45800733724 /* Simplifyvms.app */,
			);
			name = Products;
			sourceTree = "<group>";
		};
		F9561C67250BC45800733724 /* Simplifyvms */ = {
			isa = PBXGroup;
			children = (
				F9570296250C82FA008CE32D /* NetworkManager */,
				F9561C7E250BC69300733724 /* UIExtensions */,
				F9561C68250BC45800733724 /* AppDelegate.swift */,
				F9561C6A250BC45800733724 /* SceneDelegate.swift */,
				F9561C6C250BC45800733724 /* ViewController.swift */,
				F9561C82250BC82500733724 /* StackList */,
				F9561C7F250BC75700733724 /* StacksModule */,
				F9561C6E250BC45800733724 /* Main.storyboard */,
				F9561C71250BC45900733724 /* Assets.xcassets */,
				F9561C73250BC45900733724 /* LaunchScreen.storyboard */,
				F9561C76250BC45900733724 /* Info.plist */,
			);
			path = Simplifyvms;
			sourceTree = "<group>";
		};
		F9561C7E250BC69300733724 /* UIExtensions */ = {
			isa = PBXGroup;
			children = (
				F957028F250C7D82008CE32D /* WebServices.swift */,
				F9561C85250BCE5600733724 /* CustomViews.swift */,
				F9561C7C250BC67700733724 /* AppTheme.swift */,
			);
			path = UIExtensions;
			sourceTree = "<group>";
		};
		F9561C7F250BC75700733724 /* StacksModule */ = {
			isa = PBXGroup;
			children = (
				F9570293250C7FEC008CE32D /* Model */,
				F9561C87250BD1E700733724 /* View */,
				F9561C80250BC7AC00733724 /* StacksVC.swift */,
			);
			path = StacksModule;
			sourceTree = "<group>";
		};
		F9561C82250BC82500733724 /* StackList */ = {
			isa = PBXGroup;
			children = (
				F9561C83250BC87D00733724 /* ItemInfoVC.swift */,
			);
			path = StackList;
			sourceTree = "<group>";
		};
		F9561C87250BD1E700733724 /* View */ = {
			isa = PBXGroup;
			children = (
				F9561C88250BD1E700733724 /* BlogCell.swift */,
				F9561C89250BD1E700733724 /* BlogCell.xib */,
			);
			path = View;
			sourceTree = "<group>";
		};
		F9570293250C7FEC008CE32D /* Model */ = {
			isa = PBXGroup;
			children = (
				F9570294250C8006008CE32D /* BlogModel.swift */,
			);
			path = Model;
			sourceTree = "<group>";
		};
		F9570296250C82FA008CE32D /* NetworkManager */ = {
			isa = PBXGroup;
			children = (
				F9570299250C8C13008CE32D /* MyBanner.swift */,
				F9570291250C7DCC008CE32D /* NetworkManager.swift */,
				F9570297250C82FA008CE32D /* Reachability.swift */,
			);
			path = NetworkManager;
			sourceTree = "<group>";
		};
/* End PBXGroup section */

/* Begin PBXNativeTarget section */
		F9561C64250BC45800733724 /* Simplifyvms */ = {
			isa = PBXNativeTarget;
			buildConfigurationList = F9561C79250BC45900733724 /* Build configuration list for PBXNativeTarget "Simplifyvms" */;
			buildPhases = (
				F9561C61250BC45800733724 /* Sources */,
				F9561C62250BC45800733724 /* Frameworks */,
				F9561C63250BC45800733724 /* Resources */,
			);
			buildRules = (
			);
			dependencies = (
			);
			name = Simplifyvms;
			productName = Simplifyvms;
			productReference = F9561C65250BC45800733724 /* Simplifyvms.app */;
			productType = "com.apple.product-type.application";
		};
/* End PBXNativeTarget section */

/* Begin PBXProject section */
		F9561C5D250BC45800733724 /* Project object */ = {
			isa = PBXProject;
			attributes = {
				LastSwiftUpdateCheck = 1170;
				LastUpgradeCheck = 1170;
				ORGANIZATIONNAME = Semanoor;
				TargetAttributes = {
					F9561C64250BC45800733724 = {
						CreatedOnToolsVersion = 11.7;
					};
				};
			};
			buildConfigurationList = F9561C60250BC45800733724 /* Build configuration list for PBXProject "Simplifyvms" */;
			compatibilityVersion = "Xcode 9.3";
			developmentRegion = en;
			hasScannedForEncodings = 0;
			knownRegions = (
				en,
				Base,
			);
			mainGroup = F9561C5C250BC45800733724;
			productRefGroup = F9561C66250BC45800733724 /* Products */;
			projectDirPath = "";
			projectRoot = "";
			targets = (
				F9561C64250BC45800733724 /* Simplifyvms */,
			);
		};
/* End PBXProject section */

/* Begin PBXResourcesBuildPhase section */
		F9561C63250BC45800733724 /* Resources */ = {
			isa = PBXResourcesBuildPhase;
			buildActionMask = 2147483647;
			files = (
				F9561C75250BC45900733724 /* LaunchScreen.storyboard in Resources */,
				F9561C8B250BD1E700733724 /* BlogCell.xib in Resources */,
				F9561C72250BC45900733724 /* Assets.xcassets in Resources */,
				F9561C70250BC45800733724 /* Main.storyboard in Resources */,
			);
			runOnlyForDeploymentPostprocessing = 0;
		};
/* End PBXResourcesBuildPhase section */

/* Begin PBXSourcesBuildPhase section */
		F9561C61250BC45800733724 /* Sources */ = {
			isa = PBXSourcesBuildPhase;
			buildActionMask = 2147483647;
			files = (
				F9561C6D250BC45800733724 /* ViewController.swift in Sources */,
				F957029A250C8C13008CE32D /* MyBanner.swift in Sources */,
				F9561C84250BC87D00733724 /* ItemInfoVC.swift in Sources */,
				F9570298250C82FA008CE32D /* Reachability.swift in Sources */,
				F9570292250C7DCC008CE32D /* NetworkManager.swift in Sources */,
				F9561C86250BCE5600733724 /* CustomViews.swift in Sources */,
				F9561C7D250BC67800733724 /* AppTheme.swift in Sources */,
				F9561C69250BC45800733724 /* AppDelegate.swift in Sources */,
				F9570295250C8006008CE32D /* BlogModel.swift in Sources */,
				F9561C8A250BD1E700733724 /* BlogCell.swift in Sources */,
				F9561C6B250BC45800733724 /* SceneDelegate.swift in Sources */,
				F9561C81250BC7AC00733724 /* StacksVC.swift in Sources */,
				F9570290250C7D82008CE32D /* WebServices.swift in Sources */,
			);
			runOnlyForDeploymentPostprocessing = 0;
		};
/* End PBXSourcesBuildPhase section */

/* Begin PBXVariantGroup section */
		F9561C6E250BC45800733724 /* Main.storyboard */ = {
			isa = PBXVariantGroup;
			children = (
				F9561C6F250BC45800733724 /* Base */,
			);
			name = Main.storyboard;
			sourceTree = "<group>";
		};
		F9561C73250BC45900733724 /* LaunchScreen.storyboard */ = {
			isa = PBXVariantGroup;
			children = (
				F9561C74250BC45900733724 /* Base */,
			);
			name = LaunchScreen.storyboard;
			sourceTree = "<group>";
		};
/* End PBXVariantGroup section */

/* Begin XCBuildConfiguration section */
		F9561C77250BC45900733724 /* Debug */ = {
			isa = XCBuildConfiguration;
			buildSettings = {
				ALWAYS_SEARCH_USER_PATHS = NO;
				CLANG_ANALYZER_NONNULL = YES;
				CLANG_ANALYZER_NUMBER_OBJECT_CONVERSION = YES_AGGRESSIVE;
				CLANG_CXX_LANGUAGE_STANDARD = "gnu++14";
				CLANG_CXX_LIBRARY = "libc++";
				CLANG_ENABLE_MODULES = YES;
				CLANG_ENABLE_OBJC_ARC = YES;
				CLANG_ENABLE_OBJC_WEAK = YES;
				CLANG_WARN_BLOCK_CAPTURE_AUTORELEASING = YES;
				CLANG_WARN_BOOL_CONVERSION = YES;
				CLANG_WARN_COMMA = YES;
				CLANG_WARN_CONSTANT_CONVERSION = YES;
				CLANG_WARN_DEPRECATED_OBJC_IMPLEMENTATIONS = YES;
				CLANG_WARN_DIRECT_OBJC_ISA_USAGE = YES_ERROR;
				CLANG_WARN_DOCUMENTATION_COMMENTS = YES;
				CLANG_WARN_EMPTY_BODY = YES;
				CLANG_WARN_ENUM_CONVERSION = YES;
				CLANG_WARN_INFINITE_RECURSION = YES;
				CLANG_WARN_INT_CONVERSION = YES;
				CLANG_WARN_NON_LITERAL_NULL_CONVERSION = YES;
				CLANG_WARN_OBJC_IMPLICIT_RETAIN_SELF = YES;
				CLANG_WARN_OBJC_LITERAL_CONVERSION = YES;
				CLANG_WARN_OBJC_ROOT_CLASS = YES_ERROR;
				CLANG_WARN_RANGE_LOOP_ANALYSIS = YES;
				CLANG_WARN_STRICT_PROTOTYPES = YES;
				CLANG_WARN_SUSPICIOUS_MOVE = YES;
				CLANG_WARN_UNGUARDED_AVAILABILITY = YES_AGGRESSIVE;
				CLANG_WARN_UNREACHABLE_CODE = YES;
				CLANG_WARN__DUPLICATE_METHOD_MATCH = YES;
				COPY_PHASE_STRIP = NO;
				DEBUG_INFORMATION_FORMAT = dwarf;
				ENABLE_STRICT_OBJC_MSGSEND = YES;
				ENABLE_TESTABILITY = YES;
				GCC_C_LANGUAGE_STANDARD = gnu11;
				GCC_DYNAMIC_NO_PIC = NO;
				GCC_NO_COMMON_BLOCKS = YES;
				GCC_OPTIMIZATION_LEVEL = 0;
				GCC_PREPROCESSOR_DEFINITIONS = (
					"DEBUG=1",
					"$(inherited)",
				);
				GCC_WARN_64_TO_32_BIT_CONVERSION = YES;
				GCC_WARN_ABOUT_RETURN_TYPE = YES_ERROR;
				GCC_WARN_UNDECLARED_SELECTOR = YES;
				GCC_WARN_UNINITIALIZED_AUTOS = YES_AGGRESSIVE;
				GCC_WARN_UNUSED_FUNCTION = YES;
				GCC_WARN_UNUSED_VARIABLE = YES;
				IPHONEOS_DEPLOYMENT_TARGET = 13.7;
				MTL_ENABLE_DEBUG_INFO = INCLUDE_SOURCE;
				MTL_FAST_MATH = YES;
				ONLY_ACTIVE_ARCH = YES;
				SDKROOT = iphoneos;
				SWIFT_ACTIVE_COMPILATION_CONDITIONS = DEBUG;
				SWIFT_OPTIMIZATION_LEVEL = "-Onone";
			};
			name = Debug;
		};
		F9561C78250BC45900733724 /* Release */ = {
			isa = XCBuildConfiguration;
			buildSettings = {
				ALWAYS_SEARCH_USER_PATHS = NO;
				CLANG_ANALYZER_NONNULL = YES;
				CLANG_ANALYZER_NUMBER_OBJECT_CONVERSION = YES_AGGRESSIVE;
				CLANG_CXX_LANGUAGE_STANDARD = "gnu++14";
				CLANG_CXX_LIBRARY = "libc++";
				CLANG_ENABLE_MODULES = YES;
				CLANG_ENABLE_OBJC_ARC = YES;
				CLANG_ENABLE_OBJC_WEAK = YES;
				CLANG_WARN_BLOCK_CAPTURE_AUTORELEASING = YES;
				CLANG_WARN_BOOL_CONVERSION = YES;
				CLANG_WARN_COMMA = YES;
				CLANG_WARN_CONSTANT_CONVERSION = YES;
				CLANG_WARN_DEPRECATED_OBJC_IMPLEMENTATIONS = YES;
				CLANG_WARN_DIRECT_OBJC_ISA_USAGE = YES_ERROR;
				CLANG_WARN_DOCUMENTATION_COMMENTS = YES;
				CLANG_WARN_EMPTY_BODY = YES;
				CLANG_WARN_ENUM_CONVERSION = YES;
				CLANG_WARN_INFINITE_RECURSION = YES;
				CLANG_WARN_INT_CONVERSION = YES;
				CLANG_WARN_NON_LITERAL_NULL_CONVERSION = YES;
				CLANG_WARN_OBJC_IMPLICIT_RETAIN_SELF = YES;
				CLANG_WARN_OBJC_LITERAL_CONVERSION = YES;
				CLANG_WARN_OBJC_ROOT_CLASS = YES_ERROR;
				CLANG_WARN_RANGE_LOOP_ANALYSIS = YES;
				CLANG_WARN_STRICT_PROTOTYPES = YES;
				CLANG_WARN_SUSPICIOUS_MOVE = YES;
				CLANG_WARN_UNGUARDED_AVAILABILITY = YES_AGGRESSIVE;
				CLANG_WARN_UNREACHABLE_CODE = YES;
				CLANG_WARN__DUPLICATE_METHOD_MATCH = YES;
				COPY_PHASE_STRIP = NO;
				DEBUG_INFORMATION_FORMAT = "dwarf-with-dsym";
				ENABLE_NS_ASSERTIONS = NO;
				ENABLE_STRICT_OBJC_MSGSEND = YES;
				GCC_C_LANGUAGE_STANDARD = gnu11;
				GCC_NO_COMMON_BLOCKS = YES;
				GCC_WARN_64_TO_32_BIT_CONVERSION = YES;
				GCC_WARN_ABOUT_RETURN_TYPE = YES_ERROR;
				GCC_WARN_UNDECLARED_SELECTOR = YES;
				GCC_WARN_UNINITIALIZED_AUTOS = YES_AGGRESSIVE;
				GCC_WARN_UNUSED_FUNCTION = YES;
				GCC_WARN_UNUSED_VARIABLE = YES;
				IPHONEOS_DEPLOYMENT_TARGET = 13.7;
				MTL_ENABLE_DEBUG_INFO = NO;
				MTL_FAST_MATH = YES;
				SDKROOT = iphoneos;
				SWIFT_COMPILATION_MODE = wholemodule;
				SWIFT_OPTIMIZATION_LEVEL = "-O";
				VALIDATE_PRODUCT = YES;
			};
			name = Release;
		};
		F9561C7A250BC45900733724 /* Debug */ = {
			isa = XCBuildConfiguration;
			buildSettings = {
				ASSETCATALOG_COMPILER_APPICON_NAME = AppIcon;
				CODE_SIGN_STYLE = Automatic;
				INFOPLIST_FILE = Simplifyvms/Info.plist;
				LD_RUNPATH_SEARCH_PATHS = (
					"$(inherited)",
					"@executable_path/Frameworks",
				);
				PRODUCT_BUNDLE_IDENTIFIER = com.Nooor.Simplifyvms;
				PRODUCT_NAME = "$(TARGET_NAME)";
				SWIFT_VERSION = 5.0;
				TARGETED_DEVICE_FAMILY = "1,2";
			};
			name = Debug;
		};
		F9561C7B250BC45900733724 /* Release */ = {
			isa = XCBuildConfiguration;
			buildSettings = {
				ASSETCATALOG_COMPILER_APPICON_NAME = AppIcon;
				CODE_SIGN_STYLE = Automatic;
				INFOPLIST_FILE = Simplifyvms/Info.plist;
				LD_RUNPATH_SEARCH_PATHS = (
					"$(inherited)",
					"@executable_path/Frameworks",
				);
				PRODUCT_BUNDLE_IDENTIFIER = com.Nooor.Simplifyvms;
				PRODUCT_NAME = "$(TARGET_NAME)";
				SWIFT_VERSION = 5.0;
				TARGETED_DEVICE_FAMILY = "1,2";
			};
			name = Release;
		};
/* End XCBuildConfiguration section */

/* Begin XCConfigurationList section */
		F9561C60250BC45800733724 /* Build configuration list for PBXProject "Simplifyvms" */ = {
			isa = XCConfigurationList;
			buildConfigurations = (
				F9561C77250BC45900733724 /* Debug */,
				F9561C78250BC45900733724 /* Release */,
			);
			defaultConfigurationIsVisible = 0;
			defaultConfigurationName = Release;
		};
		F9561C79250BC45900733724 /* Build configuration list for PBXNativeTarget "Simplifyvms" */ = {
			isa = XCConfigurationList;
			buildConfigurations = (
				F9561C7A250BC45900733724 /* Debug */,
				F9561C7B250BC45900733724 /* Release */,
			);
			defaultConfigurationIsVisible = 0;
			defaultConfigurationName = Release;
		};
/* End XCConfigurationList section */
	};
	rootObject = F9561C5D250BC45800733724 /* Project object */;
}
